
Microsoft Visual Studio Solution File, Format Version 12.00
# Visual Studio Version 16
VisualStudioVersion = 16.0.30406.217
MinimumVisualStudioVersion = 10.0.40219.1
Project("{9A19103F-16F7-4668-BE54-9A1E7A4F7556}") = "Csharp.OOD", "Csharp.OOD\Csharp.OOD.csproj", "{240A9CCD-F736-4965-B7C5-D399370FEF3D}"
EndProject
Project("{9A19103F-16F7-4668-BE54-9A1E7A4F7556}") = "Csharp.OOD.Test", "Csharp.OOD.Test\Csharp.OOD.Test.csproj", "{529AE199-1A73-47B4-B77E-EAFF29DB8841}"
EndProject
Global
	GlobalSection(SolutionConfigurationPlatforms) = preSolution
		Debug|Any CPU = Debug|Any CPU
		Release|Any CPU = Release|Any CPU
	EndGlobalSection
	GlobalSection(ProjectConfigurationPlatforms) = postSolution
		{240A9CCD-F736-4965-B7C5-D399370FEF3D}.Debug|Any CPU.ActiveCfg = Debug|Any CPU
		{240A9CCD-F736-4965-B7C5-D399370FEF3D}.Debug|Any CPU.Build.0 = Debug|Any CPU
		{240A9CCD-F736-4965-B7C5-D399370FEF3D}.Release|Any CPU.ActiveCfg = Release|Any CPU
		{240A9CCD-F736-4965-B7C5-D399370FEF3D}.Release|Any CPU.Build.0 = Release|Any CPU
		{529AE199-1A73-47B4-B77E-EAFF29DB8841}.Debug|Any CPU.ActiveCfg = Debug|Any CPU
		{529AE199-1A73-47B4-B77E-EAFF29DB8841}.Debug|Any CPU.Build.0 = Debug|Any CPU
		{529AE199-1A73-47B4-B77E-EAFF29DB8841}.Release|Any CPU.ActiveCfg = Release|Any CPU
		{529AE199-1A73-47B4-B77E-EAFF29DB8841}.Release|Any CPU.Build.0 = Release|Any CPU
	EndGlobalSection
	GlobalSection(SolutionProperties) = preSolution
		HideSolutionNode = FALSE
	EndGlobalSection
	GlobalSection(ExtensibilityGlobals) = postSolution
		SolutionGuid = {5B3EBD1A-3C4F-4D20-8ED3-51598955EE6C}
	EndGlobalSection
EndGlobal
